
Microsoft Visual Studio Solution File, Format Version 12.00
# Visual Studio Version 17
VisualStudioVersion = 17.0.31912.275
MinimumVisualStudioVersion = 10.0.40219.1
Project("{8BC9CEB8-8B4A-11D0-8D11-00A0C91BC942}") = "quicksort", "quicksort.vcxproj", "{01012B89-1733-4FEB-A6B2-503F39094BD1}"
EndProject
Global
	GlobalSection(SolutionConfigurationPlatforms) = preSolution
		Debug|x64 = Debug|x64
		Debug|x86 = Debug|x86
		Release|x64 = Release|x64
		Release|x86 = Release|x86
	EndGlobalSection
	GlobalSection(ProjectConfigurationPlatforms) = postSolution
		{01012B89-1733-4FEB-A6B2-503F39094BD1}.Debug|x64.ActiveCfg = Debug|x64
		{01012B89-1733-4FEB-A6B2-503F39094BD1}.Debug|x64.Build.0 = Debug|x64
		{01012B89-1733-4FEB-A6B2-503F39094BD1}.Debug|x86.ActiveCfg = Debug|Win32
		{01012B89-1733-4FEB-A6B2-503F39094BD1}.Debug|x86.Build.0 = Debug|Win32
		{01012B89-1733-4FEB-A6B2-503F39094BD1}.Release|x64.ActiveCfg = Release|x64
		{01012B89-1733-4FEB-A6B2-503F39094BD1}.Release|x64.Build.0 = Release|x64
		{01012B89-1733-4FEB-A6B2-503F39094BD1}.Release|x86.ActiveCfg = Release|Win32
		{01012B89-1733-4FEB-A6B2-503F39094BD1}.Release|x86.Build.0 = Release|Win32
	EndGlobalSection
	GlobalSection(SolutionProperties) = preSolution
		HideSolutionNode = FALSE
	EndGlobalSection
	GlobalSection(ExtensibilityGlobals) = postSolution
		SolutionGuid = {B3190845-E4A4-4062-8A07-A7D097BBF91D}
	EndGlobalSection
EndGlobal
